
Microsoft Visual Studio Solution File, Format Version 12.00
# Visual Studio 14
VisualStudioVersion = 14.0.25420.1
MinimumVisualStudioVersion = 10.0.40219.1
Project("{FAE04EC0-301F-11D3-BF4B-00C04F79EFBC}") = "neural network 2048", "neural network 2048\neural network 2048.csproj", "{C914C8F1-A1CA-4E60-9189-B58C2497CDD7}"
EndProject
Global
	GlobalSection(Performance) = preSolution
		HasPerformanceSessions = true
	EndGlobalSection
	GlobalSection(SolutionConfigurationPlatforms) = preSolution
		Debug|x86 = Debug|x86
		Release|x86 = Release|x86
	EndGlobalSection
	GlobalSection(ProjectConfigurationPlatforms) = postSolution
		{C914C8F1-A1CA-4E60-9189-B58C2497CDD7}.Debug|x86.ActiveCfg = Debug|x86
		{C914C8F1-A1CA-4E60-9189-B58C2497CDD7}.Debug|x86.Build.0 = Debug|x86
		{C914C8F1-A1CA-4E60-9189-B58C2497CDD7}.Release|x86.ActiveCfg = Release|x86
		{C914C8F1-A1CA-4E60-9189-B58C2497CDD7}.Release|x86.Build.0 = Release|x86
	EndGlobalSection
	GlobalSection(SolutionProperties) = preSolution
		HideSolutionNode = FALSE
	EndGlobalSection
EndGlobal
